# THIS IS AN AUTOGENERATED FILE. DO NOT EDIT THIS FILE DIRECTLY.
# yarn lockfile v1


hotkeys-js@3.8.7, hotkeys-js@^3.8.7:
  version "3.8.7"
  resolved "https://registry.yarnpkg.com/hotkeys-js/-/hotkeys-js-3.8.7.tgz#c16cab978b53d7242f860ca3932e976b92399981"
  integrity sha512-ckAx3EkUr5XjDwjEHDorHxRO2Kb7z6Z2Sxul4MbBkN8Nho7XDslQsgMJT+CiJ5Z4TgRxxvKHEpuLE3imzqy4Lg==

react-hotkeys-hook@^3.4.4:
  version "3.4.4"
  resolved "https://registry.yarnpkg.com/react-hotkeys-hook/-/react-hotkeys-hook-3.4.4.tgz#52ba5d8ef5e47cc2e776c70a9036d518e0993d51"
  integrity sha512-vaORq07rWgmuF3owWRhgFV/3VL8/l2q9lz0WyVEddJnWTtKW+AOgU5YgYKuwN6h6h7bCcLG3MFsJIjCrM/5DvQ==
  dependencies:
    hotkeys-js "3.8.7"
